
Microsoft Visual Studio Solution File, Format Version 12.00
# Visual Studio Version 17
VisualStudioVersion = 17.14.36616.10 d17.14
MinimumVisualStudioVersion = 10.0.40219.1
Project("{FAE04EC0-301F-11D3-BF4B-00C04F79EFBC}") = "VectorTest", "VectorTest\VectorTest.csproj", "{95532600-C1E0-4B84-9680-D92B0B35B392}"
EndProject
Project("{FAE04EC0-301F-11D3-BF4B-00C04F79EFBC}") = "VectorUnitTest", "VectorUnitTest\VectorUnitTest.csproj", "{B3A9B37F-7E0F-4E7F-AFD8-EECBD3991DD8}"
EndProject
Global
	GlobalSection(SolutionConfigurationPlatforms) = preSolution
		Debug|Any CPU = Debug|Any CPU
		Release|Any CPU = Release|Any CPU
	EndGlobalSection
	GlobalSection(ProjectConfigurationPlatforms) = postSolution
		{95532600-C1E0-4B84-9680-D92B0B35B392}.Debug|Any CPU.ActiveCfg = Debug|Any CPU
		{95532600-C1E0-4B84-9680-D92B0B35B392}.Debug|Any CPU.Build.0 = Debug|Any CPU
		{95532600-C1E0-4B84-9680-D92B0B35B392}.Release|Any CPU.ActiveCfg = Release|Any CPU
		{95532600-C1E0-4B84-9680-D92B0B35B392}.Release|Any CPU.Build.0 = Release|Any CPU
		{B3A9B37F-7E0F-4E7F-AFD8-EECBD3991DD8}.Debug|Any CPU.ActiveCfg = Debug|Any CPU
		{B3A9B37F-7E0F-4E7F-AFD8-EECBD3991DD8}.Debug|Any CPU.Build.0 = Debug|Any CPU
		{B3A9B37F-7E0F-4E7F-AFD8-EECBD3991DD8}.Release|Any CPU.ActiveCfg = Release|Any CPU
		{B3A9B37F-7E0F-4E7F-AFD8-EECBD3991DD8}.Release|Any CPU.Build.0 = Release|Any CPU
	EndGlobalSection
	GlobalSection(SolutionProperties) = preSolution
		HideSolutionNode = FALSE
	EndGlobalSection
	GlobalSection(ExtensibilityGlobals) = postSolution
		SolutionGuid = {645CFAC3-0D85-457B-B547-B8BAAC881320}
	EndGlobalSection
EndGlobal
